// !$*UTF8*$!
{
	archiveVersion = 1;
	classes = {
	};
	objectVersion = 51;
	objects = {

/* Begin PBXBuildFile section */
		0B4EF5080E46847073AEF34C /* Pods_TaskAnushaTests.framework in Frameworks */ = {isa = PBXBuildFile; fileRef = 846333ACE9CA120A342B7768 /* Pods_TaskAnushaTests.framework */; };
		38C02497F64A10656491E696 /* Pods_TaskAnusha.framework in Frameworks */ = {isa = PBXBuildFile; fileRef = 14C4E9552BC437CE1260E601 /* Pods_TaskAnusha.framework */; };
		4E3AF71432B1BB0A7B2240EB /* Pods_TaskAnusha_TaskAnushaUITests.framework in Frameworks */ = {isa = PBXBuildFile; fileRef = 4CDBA4716FC9C34A7ED0FE9A /* Pods_TaskAnusha_TaskAnushaUITests.framework */; };
		A571941824C32B020018727E /* AppDelegate.swift in Sources */ = {isa = PBXBuildFile; fileRef = A571941724C32B020018727E /* AppDelegate.swift */; };
		A571941A24C32B020018727E /* SceneDelegate.swift in Sources */ = {isa = PBXBuildFile; fileRef = A571941924C32B020018727E /* SceneDelegate.swift */; };
		A571941C24C32B020018727E /* ViewController.swift in Sources */ = {isa = PBXBuildFile; fileRef = A571941B24C32B020018727E /* ViewController.swift */; };
		A571941F24C32B020018727E /* Main.storyboard in Resources */ = {isa = PBXBuildFile; fileRef = A571941D24C32B020018727E /* Main.storyboard */; };
		A571942224C32B020018727E /* TaskAnusha.xcdatamodeld in Sources */ = {isa = PBXBuildFile; fileRef = A571942024C32B020018727E /* TaskAnusha.xcdatamodeld */; };
		A571942424C32B040018727E /* Assets.xcassets in Resources */ = {isa = PBXBuildFile; fileRef = A571942324C32B040018727E /* Assets.xcassets */; };
		A571942724C32B040018727E /* LaunchScreen.storyboard in Resources */ = {isa = PBXBuildFile; fileRef = A571942524C32B040018727E /* LaunchScreen.storyboard */; };
		A571943224C32B040018727E /* TaskAnushaTests.swift in Sources */ = {isa = PBXBuildFile; fileRef = A571943124C32B040018727E /* TaskAnushaTests.swift */; };
		A571943D24C32B040018727E /* TaskAnushaUITests.swift in Sources */ = {isa = PBXBuildFile; fileRef = A571943C24C32B040018727E /* TaskAnushaUITests.swift */; };
		A571944B24C33AD70018727E /* credentials (3).plist in Resources */ = {isa = PBXBuildFile; fileRef = A571944A24C33AD70018727E /* credentials (3).plist */; };
		A571944D24C342210018727E /* CurrencyViewController.swift in Sources */ = {isa = PBXBuildFile; fileRef = A571944C24C342210018727E /* CurrencyViewController.swift */; };
		A5BD9BEE24C45330000AFC2C /* CurrenciesTableViewCell.swift in Sources */ = {isa = PBXBuildFile; fileRef = A5BD9BED24C45330000AFC2C /* CurrenciesTableViewCell.swift */; };
/* End PBXBuildFile section */

/* Begin PBXContainerItemProxy section */
		A571942E24C32B040018727E /* PBXContainerItemProxy */ = {
			isa = PBXContainerItemProxy;
			containerPortal = A571940C24C32B020018727E /* Project object */;
			proxyType = 1;
			remoteGlobalIDString = A571941324C32B020018727E;
			remoteInfo = TaskAnusha;
		};
		A571943924C32B040018727E /* PBXContainerItemProxy */ = {
			isa = PBXContainerItemProxy;
			containerPortal = A571940C24C32B020018727E /* Project object */;
			proxyType = 1;
			remoteGlobalIDString = A571941324C32B020018727E;
			remoteInfo = TaskAnusha;
		};
/* End PBXContainerItemProxy section */

/* Begin PBXFileReference section */
		14C4E9552BC437CE1260E601 /* Pods_TaskAnusha.framework */ = {isa = PBXFileReference; explicitFileType = wrapper.framework; includeInIndex = 0; path = Pods_TaskAnusha.framework; sourceTree = BUILT_PRODUCTS_DIR; };
		4CDBA4716FC9C34A7ED0FE9A /* Pods_TaskAnusha_TaskAnushaUITests.framework */ = {isa = PBXFileReference; explicitFileType = wrapper.framework; includeInIndex = 0; path = Pods_TaskAnusha_TaskAnushaUITests.framework; sourceTree = BUILT_PRODUCTS_DIR; };
		704D96F7E5A2C336CCB771DE /* Pods-TaskAnushaTests.release.xcconfig */ = {isa = PBXFileReference; includeInIndex = 1; lastKnownFileType = text.xcconfig; name = "Pods-TaskAnushaTests.release.xcconfig"; path = "Target Support Files/Pods-TaskAnushaTests/Pods-TaskAnushaTests.release.xcconfig"; sourceTree = "<group>"; };
		71ADDAE730293DA53B813D4D /* Pods-TaskAnusha.release.xcconfig */ = {isa = PBXFileReference; includeInIndex = 1; lastKnownFileType = text.xcconfig; name = "Pods-TaskAnusha.release.xcconfig"; path = "Target Support Files/Pods-TaskAnusha/Pods-TaskAnusha.release.xcconfig"; sourceTree = "<group>"; };
		846333ACE9CA120A342B7768 /* Pods_TaskAnushaTests.framework */ = {isa = PBXFileReference; explicitFileType = wrapper.framework; includeInIndex = 0; path = Pods_TaskAnushaTests.framework; sourceTree = BUILT_PRODUCTS_DIR; };
		84B6DF21A5D0969DC118B469 /* Pods-TaskAnushaTests.debug.xcconfig */ = {isa = PBXFileReference; includeInIndex = 1; lastKnownFileType = text.xcconfig; name = "Pods-TaskAnushaTests.debug.xcconfig"; path = "Target Support Files/Pods-TaskAnushaTests/Pods-TaskAnushaTests.debug.xcconfig"; sourceTree = "<group>"; };
		8E86150C70AD1DE4E4F79D1B /* Pods-TaskAnusha-TaskAnushaUITests.debug.xcconfig */ = {isa = PBXFileReference; includeInIndex = 1; lastKnownFileType = text.xcconfig; name = "Pods-TaskAnusha-TaskAnushaUITests.debug.xcconfig"; path = "Target Support Files/Pods-TaskAnusha-TaskAnushaUITests/Pods-TaskAnusha-TaskAnushaUITests.debug.xcconfig"; sourceTree = "<group>"; };
		A571941424C32B020018727E /* TaskAnusha.app */ = {isa = PBXFileReference; explicitFileType = wrapper.application; includeInIndex = 0; path = TaskAnusha.app; sourceTree = BUILT_PRODUCTS_DIR; };
		A571941724C32B020018727E /* AppDelegate.swift */ = {isa = PBXFileReference; lastKnownFileType = sourcecode.swift; path = AppDelegate.swift; sourceTree = "<group>"; };
		A571941924C32B020018727E /* SceneDelegate.swift */ = {isa = PBXFileReference; lastKnownFileType = sourcecode.swift; path = SceneDelegate.swift; sourceTree = "<group>"; };
		A571941B24C32B020018727E /* ViewController.swift */ = {isa = PBXFileReference; lastKnownFileType = sourcecode.swift; path = ViewController.swift; sourceTree = "<group>"; };
		A571941E24C32B020018727E /* Base */ = {isa = PBXFileReference; lastKnownFileType = file.storyboard; name = Base; path = Base.lproj/Main.storyboard; sourceTree = "<group>"; };
		A571942124C32B020018727E /* TaskAnusha.xcdatamodel */ = {isa = PBXFileReference; lastKnownFileType = wrapper.xcdatamodel; path = TaskAnusha.xcdatamodel; sourceTree = "<group>"; };
		A571942324C32B040018727E /* Assets.xcassets */ = {isa = PBXFileReference; lastKnownFileType = folder.assetcatalog; path = Assets.xcassets; sourceTree = "<group>"; };
		A571942624C32B040018727E /* Base */ = {isa = PBXFileReference; lastKnownFileType = file.storyboard; name = Base; path = Base.lproj/LaunchScreen.storyboard; sourceTree = "<group>"; };
		A571942824C32B040018727E /* Info.plist */ = {isa = PBXFileReference; lastKnownFileType = text.plist.xml; path = Info.plist; sourceTree = "<group>"; };
		A571942D24C32B040018727E /* TaskAnushaTests.xctest */ = {isa = PBXFileReference; explicitFileType = wrapper.cfbundle; includeInIndex = 0; path = TaskAnushaTests.xctest; sourceTree = BUILT_PRODUCTS_DIR; };
		A571943124C32B040018727E /* TaskAnushaTests.swift */ = {isa = PBXFileReference; lastKnownFileType = sourcecode.swift; path = TaskAnushaTests.swift; sourceTree = "<group>"; };
		A571943324C32B040018727E /* Info.plist */ = {isa = PBXFileReference; lastKnownFileType = text.plist.xml; path = Info.plist; sourceTree = "<group>"; };
		A571943824C32B040018727E /* TaskAnushaUITests.xctest */ = {isa = PBXFileReference; explicitFileType = wrapper.cfbundle; includeInIndex = 0; path = TaskAnushaUITests.xctest; sourceTree = BUILT_PRODUCTS_DIR; };
		A571943C24C32B040018727E /* TaskAnushaUITests.swift */ = {isa = PBXFileReference; lastKnownFileType = sourcecode.swift; path = TaskAnushaUITests.swift; sourceTree = "<group>"; };
		A571943E24C32B040018727E /* Info.plist */ = {isa = PBXFileReference; lastKnownFileType = text.plist.xml; path = Info.plist; sourceTree = "<group>"; };
		A571944A24C33AD70018727E /* credentials (3).plist */ = {isa = PBXFileReference; fileEncoding = 4; lastKnownFileType = text.plist.xml; path = "credentials (3).plist"; sourceTree = "<group>"; };
		A571944C24C342210018727E /* CurrencyViewController.swift */ = {isa = PBXFileReference; lastKnownFileType = sourcecode.swift; path = CurrencyViewController.swift; sourceTree = "<group>"; };
		A5BD9BED24C45330000AFC2C /* CurrenciesTableViewCell.swift */ = {isa = PBXFileReference; lastKnownFileType = sourcecode.swift; path = CurrenciesTableViewCell.swift; sourceTree = "<group>"; };
		B29B5740690AD057368281EE /* Pods-TaskAnusha-TaskAnushaUITests.release.xcconfig */ = {isa = PBXFileReference; includeInIndex = 1; lastKnownFileType = text.xcconfig; name = "Pods-TaskAnusha-TaskAnushaUITests.release.xcconfig"; path = "Target Support Files/Pods-TaskAnusha-TaskAnushaUITests/Pods-TaskAnusha-TaskAnushaUITests.release.xcconfig"; sourceTree = "<group>"; };
		EDC2580D8935B98A6FB64565 /* Pods-TaskAnusha.debug.xcconfig */ = {isa = PBXFileReference; includeInIndex = 1; lastKnownFileType = text.xcconfig; name = "Pods-TaskAnusha.debug.xcconfig"; path = "Target Support Files/Pods-TaskAnusha/Pods-TaskAnusha.debug.xcconfig"; sourceTree = "<group>"; };
/* End PBXFileReference section */

/* Begin PBXFrameworksBuildPhase section */
		A571941124C32B020018727E /* Frameworks */ = {
			isa = PBXFrameworksBuildPhase;
			buildActionMask = 2147483647;
			files = (
				38C02497F64A10656491E696 /* Pods_TaskAnusha.framework in Frameworks */,
			);
			runOnlyForDeploymentPostprocessing = 0;
		};
		A571942A24C32B040018727E /* Frameworks */ = {
			isa = PBXFrameworksBuildPhase;
			buildActionMask = 2147483647;
			files = (
				0B4EF5080E46847073AEF34C /* Pods_TaskAnushaTests.framework in Frameworks */,
			);
			runOnlyForDeploymentPostprocessing = 0;
		};
		A571943524C32B040018727E /* Frameworks */ = {
			isa = PBXFrameworksBuildPhase;
			buildActionMask = 2147483647;
			files = (
				4E3AF71432B1BB0A7B2240EB /* Pods_TaskAnusha_TaskAnushaUITests.framework in Frameworks */,
			);
			runOnlyForDeploymentPostprocessing = 0;
		};
/* End PBXFrameworksBuildPhase section */

/* Begin PBXGroup section */
		4E2845C99C3FAE3F8F0A13C2 /* Frameworks */ = {
			isa = PBXGroup;
			children = (
				14C4E9552BC437CE1260E601 /* Pods_TaskAnusha.framework */,
				4CDBA4716FC9C34A7ED0FE9A /* Pods_TaskAnusha_TaskAnushaUITests.framework */,
				846333ACE9CA120A342B7768 /* Pods_TaskAnushaTests.framework */,
			);
			name = Frameworks;
			sourceTree = "<group>";
		};
		A571940B24C32B020018727E = {
			isa = PBXGroup;
			children = (
				A571941624C32B020018727E /* TaskAnusha */,
				A571943024C32B040018727E /* TaskAnushaTests */,
				A571943B24C32B040018727E /* TaskAnushaUITests */,
				A571941524C32B020018727E /* Products */,
				EE04ADFFF24253B0D8B35EE0 /* Pods */,
				4E2845C99C3FAE3F8F0A13C2 /* Frameworks */,
			);
			sourceTree = "<group>";
		};
		A571941524C32B020018727E /* Products */ = {
			isa = PBXGroup;
			children = (
				A571941424C32B020018727E /* TaskAnusha.app */,
				A571942D24C32B040018727E /* TaskAnushaTests.xctest */,
				A571943824C32B040018727E /* TaskAnushaUITests.xctest */,
			);
			name = Products;
			sourceTree = "<group>";
		};
		A571941624C32B020018727E /* TaskAnusha */ = {
			isa = PBXGroup;
			children = (
				A571941724C32B020018727E /* AppDelegate.swift */,
				A571941924C32B020018727E /* SceneDelegate.swift */,
				A571944A24C33AD70018727E /* credentials (3).plist */,
				A571941B24C32B020018727E /* ViewController.swift */,
				A5BD9BED24C45330000AFC2C /* CurrenciesTableViewCell.swift */,
				A571944C24C342210018727E /* CurrencyViewController.swift */,
				A571941D24C32B020018727E /* Main.storyboard */,
				A571942324C32B040018727E /* Assets.xcassets */,
				A571942524C32B040018727E /* LaunchScreen.storyboard */,
				A571942824C32B040018727E /* Info.plist */,
				A571942024C32B020018727E /* TaskAnusha.xcdatamodeld */,
			);
			path = TaskAnusha;
			sourceTree = "<group>";
		};
		A571943024C32B040018727E /* TaskAnushaTests */ = {
			isa = PBXGroup;
			children = (
				A571943124C32B040018727E /* TaskAnushaTests.swift */,
				A571943324C32B040018727E /* Info.plist */,
			);
			path = TaskAnushaTests;
			sourceTree = "<group>";
		};
		A571943B24C32B040018727E /* TaskAnushaUITests */ = {
			isa = PBXGroup;
			children = (
				A571943C24C32B040018727E /* TaskAnushaUITests.swift */,
				A571943E24C32B040018727E /* Info.plist */,
			);
			path = TaskAnushaUITests;
			sourceTree = "<group>";
		};
		EE04ADFFF24253B0D8B35EE0 /* Pods */ = {
			isa = PBXGroup;
			children = (
				EDC2580D8935B98A6FB64565 /* Pods-TaskAnusha.debug.xcconfig */,
				71ADDAE730293DA53B813D4D /* Pods-TaskAnusha.release.xcconfig */,
				8E86150C70AD1DE4E4F79D1B /* Pods-TaskAnusha-TaskAnushaUITests.debug.xcconfig */,
				B29B5740690AD057368281EE /* Pods-TaskAnusha-TaskAnushaUITests.release.xcconfig */,
				84B6DF21A5D0969DC118B469 /* Pods-TaskAnushaTests.debug.xcconfig */,
				704D96F7E5A2C336CCB771DE /* Pods-TaskAnushaTests.release.xcconfig */,
			);
			path = Pods;
			sourceTree = "<group>";
		};
/* End PBXGroup section */

/* Begin PBXNativeTarget section */
		A571941324C32B020018727E /* TaskAnusha */ = {
			isa = PBXNativeTarget;
			buildConfigurationList = A571944124C32B040018727E /* Build configuration list for PBXNativeTarget "TaskAnusha" */;
			buildPhases = (
				D28121ECEB09248B76185682 /* [CP] Check Pods Manifest.lock */,
				A571941024C32B020018727E /* Sources */,
				A571941124C32B020018727E /* Frameworks */,
				A571941224C32B020018727E /* Resources */,
				3ACB8C43C1B79FFD4CB56975 /* [CP] Embed Pods Frameworks */,
				27137D23C0B02234B99039FA /* [CP] Copy Pods Resources */,
			);
			buildRules = (
			);
			dependencies = (
			);
			name = TaskAnusha;
			productName = TaskAnusha;
			productReference = A571941424C32B020018727E /* TaskAnusha.app */;
			productType = "com.apple.product-type.application";
		};
		A571942C24C32B040018727E /* TaskAnushaTests */ = {
			isa = PBXNativeTarget;
			buildConfigurationList = A571944424C32B040018727E /* Build configuration list for PBXNativeTarget "TaskAnushaTests" */;
			buildPhases = (
				C28973A2CD2306975D3A9E7B /* [CP] Check Pods Manifest.lock */,
				A571942924C32B040018727E /* Sources */,
				A571942A24C32B040018727E /* Frameworks */,
				A571942B24C32B040018727E /* Resources */,
			);
			buildRules = (
			);
			dependencies = (
				A571942F24C32B040018727E /* PBXTargetDependency */,
			);
			name = TaskAnushaTests;
			productName = TaskAnushaTests;
			productReference = A571942D24C32B040018727E /* TaskAnushaTests.xctest */;
			productType = "com.apple.product-type.bundle.unit-test";
		};
		A571943724C32B040018727E /* TaskAnushaUITests */ = {
			isa = PBXNativeTarget;
			buildConfigurationList = A571944724C32B040018727E /* Build configuration list for PBXNativeTarget "TaskAnushaUITests" */;
			buildPhases = (
				43C6A0DE38DB76F9D1898A00 /* [CP] Check Pods Manifest.lock */,
				A571943424C32B040018727E /* Sources */,
				A571943524C32B040018727E /* Frameworks */,
				A571943624C32B040018727E /* Resources */,
				5A0E9DF247E71B8E87EC1263 /* [CP] Embed Pods Frameworks */,
				B8579DA5633B3D87B1A48422 /* [CP] Copy Pods Resources */,
			);
			buildRules = (
			);
			dependencies = (
				A571943A24C32B040018727E /* PBXTargetDependency */,
			);
			name = TaskAnushaUITests;
			productName = TaskAnushaUITests;
			productReference = A571943824C32B040018727E /* TaskAnushaUITests.xctest */;
			productType = "com.apple.product-type.bundle.ui-testing";
		};
/* End PBXNativeTarget section */

/* Begin PBXProject section */
		A571940C24C32B020018727E /* Project object */ = {
			isa = PBXProject;
			attributes = {
				LastSwiftUpdateCheck = 1150;
				LastUpgradeCheck = 1150;
				ORGANIZATIONNAME = Mouritech;
				TargetAttributes = {
					A571941324C32B020018727E = {
						CreatedOnToolsVersion = 11.5;
					};
					A571942C24C32B040018727E = {
						CreatedOnToolsVersion = 11.5;
						TestTargetID = A571941324C32B020018727E;
					};
					A571943724C32B040018727E = {
						CreatedOnToolsVersion = 11.5;
						TestTargetID = A571941324C32B020018727E;
					};
				};
			};
			buildConfigurationList = A571940F24C32B020018727E /* Build configuration list for PBXProject "TaskAnusha" */;
			compatibilityVersion = "Xcode 9.3";
			developmentRegion = en;
			hasScannedForEncodings = 0;
			knownRegions = (
				en,
				Base,
			);
			mainGroup = A571940B24C32B020018727E;
			productRefGroup = A571941524C32B020018727E /* Products */;
			projectDirPath = "";
			projectRoot = "";
			targets = (
				A571941324C32B020018727E /* TaskAnusha */,
				A571942C24C32B040018727E /* TaskAnushaTests */,
				A571943724C32B040018727E /* TaskAnushaUITests */,
			);
		};
/* End PBXProject section */

/* Begin PBXResourcesBuildPhase section */
		A571941224C32B020018727E /* Resources */ = {
			isa = PBXResourcesBuildPhase;
			buildActionMask = 2147483647;
			files = (
				A571942724C32B040018727E /* LaunchScreen.storyboard in Resources */,
				A571944B24C33AD70018727E /* credentials (3).plist in Resources */,
				A571942424C32B040018727E /* Assets.xcassets in Resources */,
				A571941F24C32B020018727E /* Main.storyboard in Resources */,
			);
			runOnlyForDeploymentPostprocessing = 0;
		};
		A571942B24C32B040018727E /* Resources */ = {
			isa = PBXResourcesBuildPhase;
			buildActionMask = 2147483647;
			files = (
			);
			runOnlyForDeploymentPostprocessing = 0;
		};
		A571943624C32B040018727E /* Resources */ = {
			isa = PBXResourcesBuildPhase;
			buildActionMask = 2147483647;
			files = (
			);
			runOnlyForDeploymentPostprocessing = 0;
		};
/* End PBXResourcesBuildPhase section */

/* Begin PBXShellScriptBuildPhase section */
		27137D23C0B02234B99039FA /* [CP] Copy Pods Resources */ = {
			isa = PBXShellScriptBuildPhase;
			buildActionMask = 2147483647;
			files = (
			);
			inputFileListPaths = (
				"${PODS_ROOT}/Target Support Files/Pods-TaskAnusha/Pods-TaskAnusha-resources-${CONFIGURATION}-input-files.xcfilelist",
			);
			name = "[CP] Copy Pods Resources";
			outputFileListPaths = (
				"${PODS_ROOT}/Target Support Files/Pods-TaskAnusha/Pods-TaskAnusha-resources-${CONFIGURATION}-output-files.xcfilelist",
			);
			runOnlyForDeploymentPostprocessing = 0;
			shellPath = /bin/sh;
			shellScript = "\"${PODS_ROOT}/Target Support Files/Pods-TaskAnusha/Pods-TaskAnusha-resources.sh\"\n";
			showEnvVarsInLog = 0;
		};
		3ACB8C43C1B79FFD4CB56975 /* [CP] Embed Pods Frameworks */ = {
			isa = PBXShellScriptBuildPhase;
			buildActionMask = 2147483647;
			files = (
			);
			inputFileListPaths = (
				"${PODS_ROOT}/Target Support Files/Pods-TaskAnusha/Pods-TaskAnusha-frameworks-${CONFIGURATION}-input-files.xcfilelist",
			);
			name = "[CP] Embed Pods Frameworks";
			outputFileListPaths = (
				"${PODS_ROOT}/Target Support Files/Pods-TaskAnusha/Pods-TaskAnusha-frameworks-${CONFIGURATION}-output-files.xcfilelist",
			);
			runOnlyForDeploymentPostprocessing = 0;
			shellPath = /bin/sh;
			shellScript = "\"${PODS_ROOT}/Target Support Files/Pods-TaskAnusha/Pods-TaskAnusha-frameworks.sh\"\n";
			showEnvVarsInLog = 0;
		};
		43C6A0DE38DB76F9D1898A00 /* [CP] Check Pods Manifest.lock */ = {
			isa = PBXShellScriptBuildPhase;
			buildActionMask = 2147483647;
			files = (
			);
			inputFileListPaths = (
			);
			inputPaths = (
				"${PODS_PODFILE_DIR_PATH}/Podfile.lock",
				"${PODS_ROOT}/Manifest.lock",
			);
			name = "[CP] Check Pods Manifest.lock";
			outputFileListPaths = (
			);
			outputPaths = (
				"$(DERIVED_FILE_DIR)/Pods-TaskAnusha-TaskAnushaUITests-checkManifestLockResult.txt",
			);
			runOnlyForDeploymentPostprocessing = 0;
			shellPath = /bin/sh;
			shellScript = "diff \"${PODS_PODFILE_DIR_PATH}/Podfile.lock\" \"${PODS_ROOT}/Manifest.lock\" > /dev/null\nif [ $? != 0 ] ; then\n    # print error to STDERR\n    echo \"error: The sandbox is not in sync with the Podfile.lock. Run 'pod install' or update your CocoaPods installation.\" >&2\n    exit 1\nfi\n# This output is used by Xcode 'outputs' to avoid re-running this script phase.\necho \"SUCCESS\" > \"${SCRIPT_OUTPUT_FILE_0}\"\n";
			showEnvVarsInLog = 0;
		};
		5A0E9DF247E71B8E87EC1263 /* [CP] Embed Pods Frameworks */ = {
			isa = PBXShellScriptBuildPhase;
			buildActionMask = 2147483647;
			files = (
			);
			inputFileListPaths = (
				"${PODS_ROOT}/Target Support Files/Pods-TaskAnusha-TaskAnushaUITests/Pods-TaskAnusha-TaskAnushaUITests-frameworks-${CONFIGURATION}-input-files.xcfilelist",
			);
			name = "[CP] Embed Pods Frameworks";
			outputFileListPaths = (
				"${PODS_ROOT}/Target Support Files/Pods-TaskAnusha-TaskAnushaUITests/Pods-TaskAnusha-TaskAnushaUITests-frameworks-${CONFIGURATION}-output-files.xcfilelist",
			);
			runOnlyForDeploymentPostprocessing = 0;
			shellPath = /bin/sh;
			shellScript = "\"${PODS_ROOT}/Target Support Files/Pods-TaskAnusha-TaskAnushaUITests/Pods-TaskAnusha-TaskAnushaUITests-frameworks.sh\"\n";
			showEnvVarsInLog = 0;
		};
		B8579DA5633B3D87B1A48422 /* [CP] Copy Pods Resources */ = {
			isa = PBXShellScriptBuildPhase;
			buildActionMask = 2147483647;
			files = (
			);
			inputFileListPaths = (
				"${PODS_ROOT}/Target Support Files/Pods-TaskAnusha-TaskAnushaUITests/Pods-TaskAnusha-TaskAnushaUITests-resources-${CONFIGURATION}-input-files.xcfilelist",
			);
			name = "[CP] Copy Pods Resources";
			outputFileListPaths = (
				"${PODS_ROOT}/Target Support Files/Pods-TaskAnusha-TaskAnushaUITests/Pods-TaskAnusha-TaskAnushaUITests-resources-${CONFIGURATION}-output-files.xcfilelist",
			);
			runOnlyForDeploymentPostprocessing = 0;
			shellPath = /bin/sh;
			shellScript = "\"${PODS_ROOT}/Target Support Files/Pods-TaskAnusha-TaskAnushaUITests/Pods-TaskAnusha-TaskAnushaUITests-resources.sh\"\n";
			showEnvVarsInLog = 0;
		};
		C28973A2CD2306975D3A9E7B /* [CP] Check Pods Manifest.lock */ = {
			isa = PBXShellScriptBuildPhase;
			buildActionMask = 2147483647;
			files = (
			);
			inputFileListPaths = (
			);
			inputPaths = (
				"${PODS_PODFILE_DIR_PATH}/Podfile.lock",
				"${PODS_ROOT}/Manifest.lock",
			);
			name = "[CP] Check Pods Manifest.lock";
			outputFileListPaths = (
			);
			outputPaths = (
				"$(DERIVED_FILE_DIR)/Pods-TaskAnushaTests-checkManifestLockResult.txt",
			);
			runOnlyForDeploymentPostprocessing = 0;
			shellPath = /bin/sh;
			shellScript = "diff \"${PODS_PODFILE_DIR_PATH}/Podfile.lock\" \"${PODS_ROOT}/Manifest.lock\" > /dev/null\nif [ $? != 0 ] ; then\n    # print error to STDERR\n    echo \"error: The sandbox is not in sync with the Podfile.lock. Run 'pod install' or update your CocoaPods installation.\" >&2\n    exit 1\nfi\n# This output is used by Xcode 'outputs' to avoid re-running this script phase.\necho \"SUCCESS\" > \"${SCRIPT_OUTPUT_FILE_0}\"\n";
			showEnvVarsInLog = 0;
		};
		D28121ECEB09248B76185682 /* [CP] Check Pods Manifest.lock */ = {
			isa = PBXShellScriptBuildPhase;
			buildActionMask = 2147483647;
			files = (
			);
			inputFileListPaths = (
			);
			inputPaths = (
				"${PODS_PODFILE_DIR_PATH}/Podfile.lock",
				"${PODS_ROOT}/Manifest.lock",
			);
			name = "[CP] Check Pods Manifest.lock";
			outputFileListPaths = (
			);
			outputPaths = (
				"$(DERIVED_FILE_DIR)/Pods-TaskAnusha-checkManifestLockResult.txt",
			);
			runOnlyForDeploymentPostprocessing = 0;
			shellPath = /bin/sh;
			shellScript = "diff \"${PODS_PODFILE_DIR_PATH}/Podfile.lock\" \"${PODS_ROOT}/Manifest.lock\" > /dev/null\nif [ $? != 0 ] ; then\n    # print error to STDERR\n    echo \"error: The sandbox is not in sync with the Podfile.lock. Run 'pod install' or update your CocoaPods installation.\" >&2\n    exit 1\nfi\n# This output is used by Xcode 'outputs' to avoid re-running this script phase.\necho \"SUCCESS\" > \"${SCRIPT_OUTPUT_FILE_0}\"\n";
			showEnvVarsInLog = 0;
		};
/* End PBXShellScriptBuildPhase section */

/* Begin PBXSourcesBuildPhase section */
		A571941024C32B020018727E /* Sources */ = {
			isa = PBXSourcesBuildPhase;
			buildActionMask = 2147483647;
			files = (
				A571941C24C32B020018727E /* ViewController.swift in Sources */,
				A571941824C32B020018727E /* AppDelegate.swift in Sources */,
				A5BD9BEE24C45330000AFC2C /* CurrenciesTableViewCell.swift in Sources */,
				A571942224C32B020018727E /* TaskAnusha.xcdatamodeld in Sources */,
				A571941A24C32B020018727E /* SceneDelegate.swift in Sources */,
				A571944D24C342210018727E /* CurrencyViewController.swift in Sources */,
			);
			runOnlyForDeploymentPostprocessing = 0;
		};
		A571942924C32B040018727E /* Sources */ = {
			isa = PBXSourcesBuildPhase;
			buildActionMask = 2147483647;
			files = (
				A571943224C32B040018727E /* TaskAnushaTests.swift in Sources */,
			);
			runOnlyForDeploymentPostprocessing = 0;
		};
		A571943424C32B040018727E /* Sources */ = {
			isa = PBXSourcesBuildPhase;
			buildActionMask = 2147483647;
			files = (
				A571943D24C32B040018727E /* TaskAnushaUITests.swift in Sources */,
			);
			runOnlyForDeploymentPostprocessing = 0;
		};
/* End PBXSourcesBuildPhase section */

/* Begin PBXTargetDependency section */
		A571942F24C32B040018727E /* PBXTargetDependency */ = {
			isa = PBXTargetDependency;
			target = A571941324C32B020018727E /* TaskAnusha */;
			targetProxy = A571942E24C32B040018727E /* PBXContainerItemProxy */;
		};
		A571943A24C32B040018727E /* PBXTargetDependency */ = {
			isa = PBXTargetDependency;
			target = A571941324C32B020018727E /* TaskAnusha */;
			targetProxy = A571943924C32B040018727E /* PBXContainerItemProxy */;
		};
/* End PBXTargetDependency section */

/* Begin PBXVariantGroup section */
		A571941D24C32B020018727E /* Main.storyboard */ = {
			isa = PBXVariantGroup;
			children = (
				A571941E24C32B020018727E /* Base */,
			);
			name = Main.storyboard;
			sourceTree = "<group>";
		};
		A571942524C32B040018727E /* LaunchScreen.storyboard */ = {
			isa = PBXVariantGroup;
			children = (
				A571942624C32B040018727E /* Base */,
			);
			name = LaunchScreen.storyboard;
			sourceTree = "<group>";
		};
/* End PBXVariantGroup section */

/* Begin XCBuildConfiguration section */
		A571943F24C32B040018727E /* Debug */ = {
			isa = XCBuildConfiguration;
			buildSettings = {
				ALWAYS_SEARCH_USER_PATHS = NO;
				CLANG_ANALYZER_NONNULL = YES;
				CLANG_ANALYZER_NUMBER_OBJECT_CONVERSION = YES_AGGRESSIVE;
				CLANG_CXX_LANGUAGE_STANDARD = "gnu++14";
				CLANG_CXX_LIBRARY = "libc++";
				CLANG_ENABLE_MODULES = YES;
				CLANG_ENABLE_OBJC_ARC = YES;
				CLANG_ENABLE_OBJC_WEAK = YES;
				CLANG_WARN_BLOCK_CAPTURE_AUTORELEASING = YES;
				CLANG_WARN_BOOL_CONVERSION = YES;
				CLANG_WARN_COMMA = YES;
				CLANG_WARN_CONSTANT_CONVERSION = YES;
				CLANG_WARN_DEPRECATED_OBJC_IMPLEMENTATIONS = YES;
				CLANG_WARN_DIRECT_OBJC_ISA_USAGE = YES_ERROR;
				CLANG_WARN_DOCUMENTATION_COMMENTS = YES;
				CLANG_WARN_EMPTY_BODY = YES;
				CLANG_WARN_ENUM_CONVERSION = YES;
				CLANG_WARN_INFINITE_RECURSION = YES;
				CLANG_WARN_INT_CONVERSION = YES;
				CLANG_WARN_NON_LITERAL_NULL_CONVERSION = YES;
				CLANG_WARN_OBJC_IMPLICIT_RETAIN_SELF = YES;
				CLANG_WARN_OBJC_LITERAL_CONVERSION = YES;
				CLANG_WARN_OBJC_ROOT_CLASS = YES_ERROR;
				CLANG_WARN_RANGE_LOOP_ANALYSIS = YES;
				CLANG_WARN_STRICT_PROTOTYPES = YES;
				CLANG_WARN_SUSPICIOUS_MOVE = YES;
				CLANG_WARN_UNGUARDED_AVAILABILITY = YES_AGGRESSIVE;
				CLANG_WARN_UNREACHABLE_CODE = YES;
				CLANG_WARN__DUPLICATE_METHOD_MATCH = YES;
				COPY_PHASE_STRIP = NO;
				DEBUG_INFORMATION_FORMAT = dwarf;
				ENABLE_STRICT_OBJC_MSGSEND = YES;
				ENABLE_TESTABILITY = YES;
				GCC_C_LANGUAGE_STANDARD = gnu11;
				GCC_DYNAMIC_NO_PIC = NO;
				GCC_NO_COMMON_BLOCKS = YES;
				GCC_OPTIMIZATION_LEVEL = 0;
				GCC_PREPROCESSOR_DEFINITIONS = (
					"DEBUG=1",
					"$(inherited)",
				);
				GCC_WARN_64_TO_32_BIT_CONVERSION = YES;
				GCC_WARN_ABOUT_RETURN_TYPE = YES_ERROR;
				GCC_WARN_UNDECLARED_SELECTOR = YES;
				GCC_WARN_UNINITIALIZED_AUTOS = YES_AGGRESSIVE;
				GCC_WARN_UNUSED_FUNCTION = YES;
				GCC_WARN_UNUSED_VARIABLE = YES;
				IPHONEOS_DEPLOYMENT_TARGET = 13.5;
				MTL_ENABLE_DEBUG_INFO = INCLUDE_SOURCE;
				MTL_FAST_MATH = YES;
				ONLY_ACTIVE_ARCH = YES;
				SDKROOT = iphoneos;
				SWIFT_ACTIVE_COMPILATION_CONDITIONS = DEBUG;
				SWIFT_OPTIMIZATION_LEVEL = "-Onone";
			};
			name = Debug;
		};
		A571944024C32B040018727E /* Release */ = {
			isa = XCBuildConfiguration;
			buildSettings = {
				ALWAYS_SEARCH_USER_PATHS = NO;
				CLANG_ANALYZER_NONNULL = YES;
				CLANG_ANALYZER_NUMBER_OBJECT_CONVERSION = YES_AGGRESSIVE;
				CLANG_CXX_LANGUAGE_STANDARD = "gnu++14";
				CLANG_CXX_LIBRARY = "libc++";
				CLANG_ENABLE_MODULES = YES;
				CLANG_ENABLE_OBJC_ARC = YES;
				CLANG_ENABLE_OBJC_WEAK = YES;
				CLANG_WARN_BLOCK_CAPTURE_AUTORELEASING = YES;
				CLANG_WARN_BOOL_CONVERSION = YES;
				CLANG_WARN_COMMA = YES;
				CLANG_WARN_CONSTANT_CONVERSION = YES;
				CLANG_WARN_DEPRECATED_OBJC_IMPLEMENTATIONS = YES;
				CLANG_WARN_DIRECT_OBJC_ISA_USAGE = YES_ERROR;
				CLANG_WARN_DOCUMENTATION_COMMENTS = YES;
				CLANG_WARN_EMPTY_BODY = YES;
				CLANG_WARN_ENUM_CONVERSION = YES;
				CLANG_WARN_INFINITE_RECURSION = YES;
				CLANG_WARN_INT_CONVERSION = YES;
				CLANG_WARN_NON_LITERAL_NULL_CONVERSION = YES;
				CLANG_WARN_OBJC_IMPLICIT_RETAIN_SELF = YES;
				CLANG_WARN_OBJC_LITERAL_CONVERSION = YES;
				CLANG_WARN_OBJC_ROOT_CLASS = YES_ERROR;
				CLANG_WARN_RANGE_LOOP_ANALYSIS = YES;
				CLANG_WARN_STRICT_PROTOTYPES = YES;
				CLANG_WARN_SUSPICIOUS_MOVE = YES;
				CLANG_WARN_UNGUARDED_AVAILABILITY = YES_AGGRESSIVE;
				CLANG_WARN_UNREACHABLE_CODE = YES;
				CLANG_WARN__DUPLICATE_METHOD_MATCH = YES;
				COPY_PHASE_STRIP = NO;
				DEBUG_INFORMATION_FORMAT = "dwarf-with-dsym";
				ENABLE_NS_ASSERTIONS = NO;
				ENABLE_STRICT_OBJC_MSGSEND = YES;
				GCC_C_LANGUAGE_STANDARD = gnu11;
				GCC_NO_COMMON_BLOCKS = YES;
				GCC_WARN_64_TO_32_BIT_CONVERSION = YES;
				GCC_WARN_ABOUT_RETURN_TYPE = YES_ERROR;
				GCC_WARN_UNDECLARED_SELECTOR = YES;
				GCC_WARN_UNINITIALIZED_AUTOS = YES_AGGRESSIVE;
				GCC_WARN_UNUSED_FUNCTION = YES;
				GCC_WARN_UNUSED_VARIABLE = YES;
				IPHONEOS_DEPLOYMENT_TARGET = 13.5;
				MTL_ENABLE_DEBUG_INFO = NO;
				MTL_FAST_MATH = YES;
				SDKROOT = iphoneos;
				SWIFT_COMPILATION_MODE = wholemodule;
				SWIFT_OPTIMIZATION_LEVEL = "-O";
				VALIDATE_PRODUCT = YES;
			};
			name = Release;
		};
		A571944224C32B040018727E /* Debug */ = {
			isa = XCBuildConfiguration;
			baseConfigurationReference = EDC2580D8935B98A6FB64565 /* Pods-TaskAnusha.debug.xcconfig */;
			buildSettings = {
				ASSETCATALOG_COMPILER_APPICON_NAME = AppIcon;
				CODE_SIGN_STYLE = Automatic;
				INFOPLIST_FILE = TaskAnusha/Info.plist;
				LD_RUNPATH_SEARCH_PATHS = (
					"$(inherited)",
					"@executable_path/Frameworks",
				);
				PRODUCT_BUNDLE_IDENTIFIER = com.mouritech.com.TaskAnusha;
				PRODUCT_NAME = "$(TARGET_NAME)";
				SWIFT_VERSION = 5.0;
				TARGETED_DEVICE_FAMILY = "1,2";
			};
			name = Debug;
		};
		A571944324C32B040018727E /* Release */ = {
			isa = XCBuildConfiguration;
			baseConfigurationReference = 71ADDAE730293DA53B813D4D /* Pods-TaskAnusha.release.xcconfig */;
			buildSettings = {
				ASSETCATALOG_COMPILER_APPICON_NAME = AppIcon;
				CODE_SIGN_STYLE = Automatic;
				INFOPLIST_FILE = TaskAnusha/Info.plist;
				LD_RUNPATH_SEARCH_PATHS = (
					"$(inherited)",
					"@executable_path/Frameworks",
				);
				PRODUCT_BUNDLE_IDENTIFIER = com.mouritech.com.TaskAnusha;
				PRODUCT_NAME = "$(TARGET_NAME)";
				SWIFT_VERSION = 5.0;
				TARGETED_DEVICE_FAMILY = "1,2";
			};
			name = Release;
		};
		A571944524C32B040018727E /* Debug */ = {
			isa = XCBuildConfiguration;
			baseConfigurationReference = 84B6DF21A5D0969DC118B469 /* Pods-TaskAnushaTests.debug.xcconfig */;
			buildSettings = {
				ALWAYS_EMBED_SWIFT_STANDARD_LIBRARIES = YES;
				BUNDLE_LOADER = "$(TEST_HOST)";
				CODE_SIGN_STYLE = Automatic;
				INFOPLIST_FILE = TaskAnushaTests/Info.plist;
				IPHONEOS_DEPLOYMENT_TARGET = 13.5;
				LD_RUNPATH_SEARCH_PATHS = (
					"$(inherited)",
					"@executable_path/Frameworks",
					"@loader_path/Frameworks",
				);
				PRODUCT_BUNDLE_IDENTIFIER = com.mouritech.com.TaskAnushaTests;
				PRODUCT_NAME = "$(TARGET_NAME)";
				SWIFT_VERSION = 5.0;
				TARGETED_DEVICE_FAMILY = "1,2";
				TEST_HOST = "$(BUILT_PRODUCTS_DIR)/TaskAnusha.app/TaskAnusha";
			};
			name = Debug;
		};
		A571944624C32B040018727E /* Release */ = {
			isa = XCBuildConfiguration;
			baseConfigurationReference = 704D96F7E5A2C336CCB771DE /* Pods-TaskAnushaTests.release.xcconfig */;
			buildSettings = {
				ALWAYS_EMBED_SWIFT_STANDARD_LIBRARIES = YES;
				BUNDLE_LOADER = "$(TEST_HOST)";
				CODE_SIGN_STYLE = Automatic;
				INFOPLIST_FILE = TaskAnushaTests/Info.plist;
				IPHONEOS_DEPLOYMENT_TARGET = 13.5;
				LD_RUNPATH_SEARCH_PATHS = (
					"$(inherited)",
					"@executable_path/Frameworks",
					"@loader_path/Frameworks",
				);
				PRODUCT_BUNDLE_IDENTIFIER = com.mouritech.com.TaskAnushaTests;
				PRODUCT_NAME = "$(TARGET_NAME)";
				SWIFT_VERSION = 5.0;
				TARGETED_DEVICE_FAMILY = "1,2";
				TEST_HOST = "$(BUILT_PRODUCTS_DIR)/TaskAnusha.app/TaskAnusha";
			};
			name = Release;
		};
		A571944824C32B040018727E /* Debug */ = {
			isa = XCBuildConfiguration;
			baseConfigurationReference = 8E86150C70AD1DE4E4F79D1B /* Pods-TaskAnusha-TaskAnushaUITests.debug.xcconfig */;
			buildSettings = {
				ALWAYS_EMBED_SWIFT_STANDARD_LIBRARIES = YES;
				CODE_SIGN_STYLE = Automatic;
				INFOPLIST_FILE = TaskAnushaUITests/Info.plist;
				LD_RUNPATH_SEARCH_PATHS = (
					"$(inherited)",
					"@executable_path/Frameworks",
					"@loader_path/Frameworks",
				);
				PRODUCT_BUNDLE_IDENTIFIER = com.mouritech.com.TaskAnushaUITests;
				PRODUCT_NAME = "$(TARGET_NAME)";
				SWIFT_VERSION = 5.0;
				TARGETED_DEVICE_FAMILY = "1,2";
				TEST_TARGET_NAME = TaskAnusha;
			};
			name = Debug;
		};
		A571944924C32B040018727E /* Release */ = {
			isa = XCBuildConfiguration;
			baseConfigurationReference = B29B5740690AD057368281EE /* Pods-TaskAnusha-TaskAnushaUITests.release.xcconfig */;
			buildSettings = {
				ALWAYS_EMBED_SWIFT_STANDARD_LIBRARIES = YES;
				CODE_SIGN_STYLE = Automatic;
				INFOPLIST_FILE = TaskAnushaUITests/Info.plist;
				LD_RUNPATH_SEARCH_PATHS = (
					"$(inherited)",
					"@executable_path/Frameworks",
					"@loader_path/Frameworks",
				);
				PRODUCT_BUNDLE_IDENTIFIER = com.mouritech.com.TaskAnushaUITests;
				PRODUCT_NAME = "$(TARGET_NAME)";
				SWIFT_VERSION = 5.0;
				TARGETED_DEVICE_FAMILY = "1,2";
				TEST_TARGET_NAME = TaskAnusha;
			};
			name = Release;
		};
/* End XCBuildConfiguration section */

/* Begin XCConfigurationList section */
		A571940F24C32B020018727E /* Build configuration list for PBXProject "TaskAnusha" */ = {
			isa = XCConfigurationList;
			buildConfigurations = (
				A571943F24C32B040018727E /* Debug */,
				A571944024C32B040018727E /* Release */,
			);
			defaultConfigurationIsVisible = 0;
			defaultConfigurationName = Release;
		};
		A571944124C32B040018727E /* Build configuration list for PBXNativeTarget "TaskAnusha" */ = {
			isa = XCConfigurationList;
			buildConfigurations = (
				A571944224C32B040018727E /* Debug */,
				A571944324C32B040018727E /* Release */,
			);
			defaultConfigurationIsVisible = 0;
			defaultConfigurationName = Release;
		};
		A571944424C32B040018727E /* Build configuration list for PBXNativeTarget "TaskAnushaTests" */ = {
			isa = XCConfigurationList;
			buildConfigurations = (
				A571944524C32B040018727E /* Debug */,
				A571944624C32B040018727E /* Release */,
			);
			defaultConfigurationIsVisible = 0;
			defaultConfigurationName = Release;
		};
		A571944724C32B040018727E /* Build configuration list for PBXNativeTarget "TaskAnushaUITests" */ = {
			isa = XCConfigurationList;
			buildConfigurations = (
				A571944824C32B040018727E /* Debug */,
				A571944924C32B040018727E /* Release */,
			);
			defaultConfigurationIsVisible = 0;
			defaultConfigurationName = Release;
		};
/* End XCConfigurationList section */

/* Begin XCVersionGroup section */
		A571942024C32B020018727E /* TaskAnusha.xcdatamodeld */ = {
			isa = XCVersionGroup;
			children = (
				A571942124C32B020018727E /* TaskAnusha.xcdatamodel */,
			);
			currentVersion = A571942124C32B020018727E /* TaskAnusha.xcdatamodel */;
			path = TaskAnusha.xcdatamodeld;
			sourceTree = "<group>";
			versionGroupType = wrapper.xcdatamodel;
		};
/* End XCVersionGroup section */
	};
	rootObject = A571940C24C32B020018727E /* Project object */;
}
